
Microsoft Visual Studio Solution File, Format Version 12.00
# Visual Studio Version 17
VisualStudioVersion = 17.1.32228.430
MinimumVisualStudioVersion = 10.0.40219.1
Project("{FAE04EC0-301F-11D3-BF4B-00C04F79EFBC}") = "FizzBuzzWeb", "FizzBuzzWeb\FizzBuzzWeb.csproj", "{CE3B8810-1225-4055-B06D-4EB068BB66AA}"
EndProject
Global
	GlobalSection(SolutionConfigurationPlatforms) = preSolution
		Debug|Any CPU = Debug|Any CPU
		Release|Any CPU = Release|Any CPU
	EndGlobalSection
	GlobalSection(ProjectConfigurationPlatforms) = postSolution
		{CE3B8810-1225-4055-B06D-4EB068BB66AA}.Debug|Any CPU.ActiveCfg = Debug|Any CPU
		{CE3B8810-1225-4055-B06D-4EB068BB66AA}.Debug|Any CPU.Build.0 = Debug|Any CPU
		{CE3B8810-1225-4055-B06D-4EB068BB66AA}.Release|Any CPU.ActiveCfg = Release|Any CPU
		{CE3B8810-1225-4055-B06D-4EB068BB66AA}.Release|Any CPU.Build.0 = Release|Any CPU
	EndGlobalSection
	GlobalSection(SolutionProperties) = preSolution
		HideSolutionNode = FALSE
	EndGlobalSection
	GlobalSection(ExtensibilityGlobals) = postSolution
		SolutionGuid = {C9CCBCB4-6B48-49D5-82DF-0D47C68A61D9}
	EndGlobalSection
EndGlobal
